// !$*UTF8*$!
{
	archiveVersion = 1;
	classes = {
	};
	objectVersion = 56;
	objects = {

/* Begin PBXBuildFile section */
		046F61722ACF63BA00A9B833 /* Bin2Dec.framework in Frameworks */ = {isa = PBXBuildFile; fileRef = 046F61692ACF63BA00A9B833 /* Bin2Dec.framework */; };
		046F61772ACF63BA00A9B833 /* Bin2DecTests.swift in Sources */ = {isa = PBXBuildFile; fileRef = 046F61762ACF63BA00A9B833 /* Bin2DecTests.swift */; };
		046F61782ACF63BA00A9B833 /* Bin2Dec.h in Headers */ = {isa = PBXBuildFile; fileRef = 046F616C2ACF63BA00A9B833 /* Bin2Dec.h */; settings = {ATTRIBUTES = (Public, ); }; };
		046F61832ACF88DB00A9B833 /* BinaryToDecimalConvertor.swift in Sources */ = {isa = PBXBuildFile; fileRef = 046F61822ACF88DB00A9B833 /* BinaryToDecimalConvertor.swift */; };
		04E5437C2AD1A7F400812573 /* Bin2DecUIApp.swift in Sources */ = {isa = PBXBuildFile; fileRef = 04E5437B2AD1A7F400812573 /* Bin2DecUIApp.swift */; };
		04E5437E2AD1A7F400812573 /* ContentView.swift in Sources */ = {isa = PBXBuildFile; fileRef = 04E5437D2AD1A7F400812573 /* ContentView.swift */; };
		04E543802AD1A7F600812573 /* Assets.xcassets in Resources */ = {isa = PBXBuildFile; fileRef = 04E5437F2AD1A7F600812573 /* Assets.xcassets */; };
		04E543832AD1A7F600812573 /* Preview Assets.xcassets in Resources */ = {isa = PBXBuildFile; fileRef = 04E543822AD1A7F600812573 /* Preview Assets.xcassets */; };
		04E543882AD1A80300812573 /* Bin2Dec.framework in Frameworks */ = {isa = PBXBuildFile; fileRef = 046F61692ACF63BA00A9B833 /* Bin2Dec.framework */; };
		04E543892AD1A80300812573 /* Bin2Dec.framework in Embed Frameworks */ = {isa = PBXBuildFile; fileRef = 046F61692ACF63BA00A9B833 /* Bin2Dec.framework */; settings = {ATTRIBUTES = (CodeSignOnCopy, RemoveHeadersOnCopy, ); }; };
/* End PBXBuildFile section */

/* Begin PBXContainerItemProxy section */
		046F61732ACF63BA00A9B833 /* PBXContainerItemProxy */ = {
			isa = PBXContainerItemProxy;
			containerPortal = 046F61602ACF63B900A9B833 /* Project object */;
			proxyType = 1;
			remoteGlobalIDString = 046F61682ACF63BA00A9B833;
			remoteInfo = Bin2Dec;
		};
		04E5438A2AD1A80300812573 /* PBXContainerItemProxy */ = {
			isa = PBXContainerItemProxy;
			containerPortal = 046F61602ACF63B900A9B833 /* Project object */;
			proxyType = 1;
			remoteGlobalIDString = 046F61682ACF63BA00A9B833;
			remoteInfo = Bin2Dec;
		};
/* End PBXContainerItemProxy section */

/* Begin PBXCopyFilesBuildPhase section */
		04E5438C2AD1A80300812573 /* Embed Frameworks */ = {
			isa = PBXCopyFilesBuildPhase;
			buildActionMask = 2147483647;
			dstPath = "";
			dstSubfolderSpec = 10;
			files = (
				04E543892AD1A80300812573 /* Bin2Dec.framework in Embed Frameworks */,
			);
			name = "Embed Frameworks";
			runOnlyForDeploymentPostprocessing = 0;
		};
/* End PBXCopyFilesBuildPhase section */

/* Begin PBXFileReference section */
		046F61692ACF63BA00A9B833 /* Bin2Dec.framework */ = {isa = PBXFileReference; explicitFileType = wrapper.framework; includeInIndex = 0; path = Bin2Dec.framework; sourceTree = BUILT_PRODUCTS_DIR; };
		046F616C2ACF63BA00A9B833 /* Bin2Dec.h */ = {isa = PBXFileReference; lastKnownFileType = sourcecode.c.h; path = Bin2Dec.h; sourceTree = "<group>"; };
		046F61712ACF63BA00A9B833 /* Bin2DecTests.xctest */ = {isa = PBXFileReference; explicitFileType = wrapper.cfbundle; includeInIndex = 0; path = Bin2DecTests.xctest; sourceTree = BUILT_PRODUCTS_DIR; };
		046F61762ACF63BA00A9B833 /* Bin2DecTests.swift */ = {isa = PBXFileReference; lastKnownFileType = sourcecode.swift; path = Bin2DecTests.swift; sourceTree = "<group>"; };
		046F61822ACF88DB00A9B833 /* BinaryToDecimalConvertor.swift */ = {isa = PBXFileReference; lastKnownFileType = sourcecode.swift; path = BinaryToDecimalConvertor.swift; sourceTree = "<group>"; };
		04E543792AD1A7F400812573 /* Bin2DecUI.app */ = {isa = PBXFileReference; explicitFileType = wrapper.application; includeInIndex = 0; path = Bin2DecUI.app; sourceTree = BUILT_PRODUCTS_DIR; };
		04E5437B2AD1A7F400812573 /* Bin2DecUIApp.swift */ = {isa = PBXFileReference; lastKnownFileType = sourcecode.swift; path = Bin2DecUIApp.swift; sourceTree = "<group>"; };
		04E5437D2AD1A7F400812573 /* ContentView.swift */ = {isa = PBXFileReference; lastKnownFileType = sourcecode.swift; path = ContentView.swift; sourceTree = "<group>"; };
		04E5437F2AD1A7F600812573 /* Assets.xcassets */ = {isa = PBXFileReference; lastKnownFileType = folder.assetcatalog; path = Assets.xcassets; sourceTree = "<group>"; };
		04E543822AD1A7F600812573 /* Preview Assets.xcassets */ = {isa = PBXFileReference; lastKnownFileType = folder.assetcatalog; path = "Preview Assets.xcassets"; sourceTree = "<group>"; };
/* End PBXFileReference section */

/* Begin PBXFrameworksBuildPhase section */
		046F61662ACF63BA00A9B833 /* Frameworks */ = {
			isa = PBXFrameworksBuildPhase;
			buildActionMask = 2147483647;
			files = (
			);
			runOnlyForDeploymentPostprocessing = 0;
		};
		046F616E2ACF63BA00A9B833 /* Frameworks */ = {
			isa = PBXFrameworksBuildPhase;
			buildActionMask = 2147483647;
			files = (
				046F61722ACF63BA00A9B833 /* Bin2Dec.framework in Frameworks */,
			);
			runOnlyForDeploymentPostprocessing = 0;
		};
		04E543762AD1A7F400812573 /* Frameworks */ = {
			isa = PBXFrameworksBuildPhase;
			buildActionMask = 2147483647;
			files = (
				04E543882AD1A80300812573 /* Bin2Dec.framework in Frameworks */,
			);
			runOnlyForDeploymentPostprocessing = 0;
		};
/* End PBXFrameworksBuildPhase section */

/* Begin PBXGroup section */
		046F615F2ACF63B900A9B833 = {
			isa = PBXGroup;
			children = (
				046F616B2ACF63BA00A9B833 /* Bin2Dec */,
				046F61752ACF63BA00A9B833 /* Bin2DecTests */,
				04E5437A2AD1A7F400812573 /* Bin2DecUI */,
				046F616A2ACF63BA00A9B833 /* Products */,
				04E543872AD1A80300812573 /* Frameworks */,
			);
			sourceTree = "<group>";
		};
		046F616A2ACF63BA00A9B833 /* Products */ = {
			isa = PBXGroup;
			children = (
				046F61692ACF63BA00A9B833 /* Bin2Dec.framework */,
				046F61712ACF63BA00A9B833 /* Bin2DecTests.xctest */,
				04E543792AD1A7F400812573 /* Bin2DecUI.app */,
			);
			name = Products;
			sourceTree = "<group>";
		};
		046F616B2ACF63BA00A9B833 /* Bin2Dec */ = {
			isa = PBXGroup;
			children = (
				046F61812ACF88CB00A9B833 /* Convertor */,
				046F616C2ACF63BA00A9B833 /* Bin2Dec.h */,
			);
			path = Bin2Dec;
			sourceTree = "<group>";
		};
		046F61752ACF63BA00A9B833 /* Bin2DecTests */ = {
			isa = PBXGroup;
			children = (
				046F61762ACF63BA00A9B833 /* Bin2DecTests.swift */,
			);
			path = Bin2DecTests;
			sourceTree = "<group>";
		};
		046F61812ACF88CB00A9B833 /* Convertor */ = {
			isa = PBXGroup;
			children = (
				046F61822ACF88DB00A9B833 /* BinaryToDecimalConvertor.swift */,
			);
			path = Convertor;
			sourceTree = "<group>";
		};
		04E5437A2AD1A7F400812573 /* Bin2DecUI */ = {
			isa = PBXGroup;
			children = (
				04E5437B2AD1A7F400812573 /* Bin2DecUIApp.swift */,
				04E5437D2AD1A7F400812573 /* ContentView.swift */,
				04E5437F2AD1A7F600812573 /* Assets.xcassets */,
				04E543812AD1A7F600812573 /* Preview Content */,
			);
			path = Bin2DecUI;
			sourceTree = "<group>";
		};
		04E543812AD1A7F600812573 /* Preview Content */ = {
			isa = PBXGroup;
			children = (
				04E543822AD1A7F600812573 /* Preview Assets.xcassets */,
			);
			path = "Preview Content";
			sourceTree = "<group>";
		};
		04E543872AD1A80300812573 /* Frameworks */ = {
			isa = PBXGroup;
			children = (
			);
			name = Frameworks;
			sourceTree = "<group>";
		};
/* End PBXGroup section */

/* Begin PBXHeadersBuildPhase section */
		046F61642ACF63BA00A9B833 /* Headers */ = {
			isa = PBXHeadersBuildPhase;
			buildActionMask = 2147483647;
			files = (
				046F61782ACF63BA00A9B833 /* Bin2Dec.h in Headers */,
			);
			runOnlyForDeploymentPostprocessing = 0;
		};
/* End PBXHeadersBuildPhase section */

/* Begin PBXNativeTarget section */
		046F61682ACF63BA00A9B833 /* Bin2Dec */ = {
			isa = PBXNativeTarget;
			buildConfigurationList = 046F617B2ACF63BA00A9B833 /* Build configuration list for PBXNativeTarget "Bin2Dec" */;
			buildPhases = (
				046F61642ACF63BA00A9B833 /* Headers */,
				046F61652ACF63BA00A9B833 /* Sources */,
				046F61662ACF63BA00A9B833 /* Frameworks */,
				046F61672ACF63BA00A9B833 /* Resources */,
			);
			buildRules = (
			);
			dependencies = (
			);
			name = Bin2Dec;
			productName = Bin2Dec;
			productReference = 046F61692ACF63BA00A9B833 /* Bin2Dec.framework */;
			productType = "com.apple.product-type.framework";
		};
		046F61702ACF63BA00A9B833 /* Bin2DecTests */ = {
			isa = PBXNativeTarget;
			buildConfigurationList = 046F617E2ACF63BA00A9B833 /* Build configuration list for PBXNativeTarget "Bin2DecTests" */;
			buildPhases = (
				046F616D2ACF63BA00A9B833 /* Sources */,
				046F616E2ACF63BA00A9B833 /* Frameworks */,
				046F616F2ACF63BA00A9B833 /* Resources */,
			);
			buildRules = (
			);
			dependencies = (
				046F61742ACF63BA00A9B833 /* PBXTargetDependency */,
			);
			name = Bin2DecTests;
			productName = Bin2DecTests;
			productReference = 046F61712ACF63BA00A9B833 /* Bin2DecTests.xctest */;
			productType = "com.apple.product-type.bundle.unit-test";
		};
		04E543782AD1A7F400812573 /* Bin2DecUI */ = {
			isa = PBXNativeTarget;
			buildConfigurationList = 04E543862AD1A7F600812573 /* Build configuration list for PBXNativeTarget "Bin2DecUI" */;
			buildPhases = (
				04E543752AD1A7F400812573 /* Sources */,
				04E543762AD1A7F400812573 /* Frameworks */,
				04E543772AD1A7F400812573 /* Resources */,
				04E5438C2AD1A80300812573 /* Embed Frameworks */,
			);
			buildRules = (
			);
			dependencies = (
				04E5438B2AD1A80300812573 /* PBXTargetDependency */,
			);
			name = Bin2DecUI;
			productName = Bin2DecUI;
			productReference = 04E543792AD1A7F400812573 /* Bin2DecUI.app */;
			productType = "com.apple.product-type.application";
		};
/* End PBXNativeTarget section */

/* Begin PBXProject section */
		046F61602ACF63B900A9B833 /* Project object */ = {
			isa = PBXProject;
			attributes = {
				BuildIndependentTargetsInParallel = 1;
				LastSwiftUpdateCheck = 1500;
				LastUpgradeCheck = 1500;
				TargetAttributes = {
					046F61682ACF63BA00A9B833 = {
						CreatedOnToolsVersion = 15.0;
						LastSwiftMigration = 1500;
					};
					046F61702ACF63BA00A9B833 = {
						CreatedOnToolsVersion = 15.0;
					};
					04E543782AD1A7F400812573 = {
						CreatedOnToolsVersion = 15.0;
					};
				};
			};
			buildConfigurationList = 046F61632ACF63B900A9B833 /* Build configuration list for PBXProject "Bin2Dec" */;
			compatibilityVersion = "Xcode 14.0";
			developmentRegion = en;
			hasScannedForEncodings = 0;
			knownRegions = (
				en,
				Base,
			);
			mainGroup = 046F615F2ACF63B900A9B833;
			productRefGroup = 046F616A2ACF63BA00A9B833 /* Products */;
			projectDirPath = "";
			projectRoot = "";
			targets = (
				046F61682ACF63BA00A9B833 /* Bin2Dec */,
				046F61702ACF63BA00A9B833 /* Bin2DecTests */,
				04E543782AD1A7F400812573 /* Bin2DecUI */,
			);
		};
/* End PBXProject section */

/* Begin PBXResourcesBuildPhase section */
		046F61672ACF63BA00A9B833 /* Resources */ = {
			isa = PBXResourcesBuildPhase;
			buildActionMask = 2147483647;
			files = (
			);
			runOnlyForDeploymentPostprocessing = 0;
		};
		046F616F2ACF63BA00A9B833 /* Resources */ = {
			isa = PBXResourcesBuildPhase;
			buildActionMask = 2147483647;
			files = (
			);
			runOnlyForDeploymentPostprocessing = 0;
		};
		04E543772AD1A7F400812573 /* Resources */ = {
			isa = PBXResourcesBuildPhase;
			buildActionMask = 2147483647;
			files = (
				04E543832AD1A7F600812573 /* Preview Assets.xcassets in Resources */,
				04E543802AD1A7F600812573 /* Assets.xcassets in Resources */,
			);
			runOnlyForDeploymentPostprocessing = 0;
		};
/* End PBXResourcesBuildPhase section */

/* Begin PBXSourcesBuildPhase section */
		046F61652ACF63BA00A9B833 /* Sources */ = {
			isa = PBXSourcesBuildPhase;
			buildActionMask = 2147483647;
			files = (
				046F61832ACF88DB00A9B833 /* BinaryToDecimalConvertor.swift in Sources */,
			);
			runOnlyForDeploymentPostprocessing = 0;
		};
		046F616D2ACF63BA00A9B833 /* Sources */ = {
			isa = PBXSourcesBuildPhase;
			buildActionMask = 2147483647;
			files = (
				046F61772ACF63BA00A9B833 /* Bin2DecTests.swift in Sources */,
			);
			runOnlyForDeploymentPostprocessing = 0;
		};
		04E543752AD1A7F400812573 /* Sources */ = {
			isa = PBXSourcesBuildPhase;
			buildActionMask = 2147483647;
			files = (
				04E5437E2AD1A7F400812573 /* ContentView.swift in Sources */,
				04E5437C2AD1A7F400812573 /* Bin2DecUIApp.swift in Sources */,
			);
			runOnlyForDeploymentPostprocessing = 0;
		};
/* End PBXSourcesBuildPhase section */

/* Begin PBXTargetDependency section */
		046F61742ACF63BA00A9B833 /* PBXTargetDependency */ = {
			isa = PBXTargetDependency;
			target = 046F61682ACF63BA00A9B833 /* Bin2Dec */;
			targetProxy = 046F61732ACF63BA00A9B833 /* PBXContainerItemProxy */;
		};
		04E5438B2AD1A80300812573 /* PBXTargetDependency */ = {
			isa = PBXTargetDependency;
			target = 046F61682ACF63BA00A9B833 /* Bin2Dec */;
			targetProxy = 04E5438A2AD1A80300812573 /* PBXContainerItemProxy */;
		};
/* End PBXTargetDependency section */

/* Begin XCBuildConfiguration section */
		046F61792ACF63BA00A9B833 /* Debug */ = {
			isa = XCBuildConfiguration;
			buildSettings = {
				ALWAYS_SEARCH_USER_PATHS = NO;
				ASSETCATALOG_COMPILER_GENERATE_SWIFT_ASSET_SYMBOL_EXTENSIONS = YES;
				CLANG_ANALYZER_NONNULL = YES;
				CLANG_ANALYZER_NUMBER_OBJECT_CONVERSION = YES_AGGRESSIVE;
				CLANG_CXX_LANGUAGE_STANDARD = "gnu++20";
				CLANG_ENABLE_MODULES = YES;
				CLANG_ENABLE_OBJC_ARC = YES;
				CLANG_ENABLE_OBJC_WEAK = YES;
				CLANG_WARN_BLOCK_CAPTURE_AUTORELEASING = YES;
				CLANG_WARN_BOOL_CONVERSION = YES;
				CLANG_WARN_COMMA = YES;
				CLANG_WARN_CONSTANT_CONVERSION = YES;
				CLANG_WARN_DEPRECATED_OBJC_IMPLEMENTATIONS = YES;
				CLANG_WARN_DIRECT_OBJC_ISA_USAGE = YES_ERROR;
				CLANG_WARN_DOCUMENTATION_COMMENTS = YES;
				CLANG_WARN_EMPTY_BODY = YES;
				CLANG_WARN_ENUM_CONVERSION = YES;
				CLANG_WARN_INFINITE_RECURSION = YES;
				CLANG_WARN_INT_CONVERSION = YES;
				CLANG_WARN_NON_LITERAL_NULL_CONVERSION = YES;
				CLANG_WARN_OBJC_IMPLICIT_RETAIN_SELF = YES;
				CLANG_WARN_OBJC_LITERAL_CONVERSION = YES;
				CLANG_WARN_OBJC_ROOT_CLASS = YES_ERROR;
				CLANG_WARN_QUOTED_INCLUDE_IN_FRAMEWORK_HEADER = YES;
				CLANG_WARN_RANGE_LOOP_ANALYSIS = YES;
				CLANG_WARN_STRICT_PROTOTYPES = YES;
				CLANG_WARN_SUSPICIOUS_MOVE = YES;
				CLANG_WARN_UNGUARDED_AVAILABILITY = YES_AGGRESSIVE;
				CLANG_WARN_UNREACHABLE_CODE = YES;
				CLANG_WARN__DUPLICATE_METHOD_MATCH = YES;
				COPY_PHASE_STRIP = NO;
				CURRENT_PROJECT_VERSION = 1;
				DEBUG_INFORMATION_FORMAT = dwarf;
				ENABLE_STRICT_OBJC_MSGSEND = YES;
				ENABLE_TESTABILITY = YES;
				ENABLE_USER_SCRIPT_SANDBOXING = YES;
				GCC_C_LANGUAGE_STANDARD = gnu17;
				GCC_DYNAMIC_NO_PIC = NO;
				GCC_NO_COMMON_BLOCKS = YES;
				GCC_OPTIMIZATION_LEVEL = 0;
				GCC_PREPROCESSOR_DEFINITIONS = (
					"DEBUG=1",
					"$(inherited)",
				);
				GCC_WARN_64_TO_32_BIT_CONVERSION = YES;
				GCC_WARN_ABOUT_RETURN_TYPE = YES_ERROR;
				GCC_WARN_UNDECLARED_SELECTOR = YES;
				GCC_WARN_UNINITIALIZED_AUTOS = YES_AGGRESSIVE;
				GCC_WARN_UNUSED_FUNCTION = YES;
				GCC_WARN_UNUSED_VARIABLE = YES;
				LOCALIZATION_PREFERS_STRING_CATALOGS = YES;
				MACOSX_DEPLOYMENT_TARGET = 14.0;
				MTL_ENABLE_DEBUG_INFO = INCLUDE_SOURCE;
				MTL_FAST_MATH = YES;
				ONLY_ACTIVE_ARCH = YES;
				SDKROOT = macosx;
				SWIFT_ACTIVE_COMPILATION_CONDITIONS = "DEBUG $(inherited)";
				SWIFT_OPTIMIZATION_LEVEL = "-Onone";
				VERSIONING_SYSTEM = "apple-generic";
				VERSION_INFO_PREFIX = "";
			};
			name = Debug;
		};
		046F617A2ACF63BA00A9B833 /* Release */ = {
			isa = XCBuildConfiguration;
			buildSettings = {
				ALWAYS_SEARCH_USER_PATHS = NO;
				ASSETCATALOG_COMPILER_GENERATE_SWIFT_ASSET_SYMBOL_EXTENSIONS = YES;
				CLANG_ANALYZER_NONNULL = YES;
				CLANG_ANALYZER_NUMBER_OBJECT_CONVERSION = YES_AGGRESSIVE;
				CLANG_CXX_LANGUAGE_STANDARD = "gnu++20";
				CLANG_ENABLE_MODULES = YES;
				CLANG_ENABLE_OBJC_ARC = YES;
				CLANG_ENABLE_OBJC_WEAK = YES;
				CLANG_WARN_BLOCK_CAPTURE_AUTORELEASING = YES;
				CLANG_WARN_BOOL_CONVERSION = YES;
				CLANG_WARN_COMMA = YES;
				CLANG_WARN_CONSTANT_CONVERSION = YES;
				CLANG_WARN_DEPRECATED_OBJC_IMPLEMENTATIONS = YES;
				CLANG_WARN_DIRECT_OBJC_ISA_USAGE = YES_ERROR;
				CLANG_WARN_DOCUMENTATION_COMMENTS = YES;
				CLANG_WARN_EMPTY_BODY = YES;
				CLANG_WARN_ENUM_CONVERSION = YES;
				CLANG_WARN_INFINITE_RECURSION = YES;
				CLANG_WARN_INT_CONVERSION = YES;
				CLANG_WARN_NON_LITERAL_NULL_CONVERSION = YES;
				CLANG_WARN_OBJC_IMPLICIT_RETAIN_SELF = YES;
				CLANG_WARN_OBJC_LITERAL_CONVERSION = YES;
				CLANG_WARN_OBJC_ROOT_CLASS = YES_ERROR;
				CLANG_WARN_QUOTED_INCLUDE_IN_FRAMEWORK_HEADER = YES;
				CLANG_WARN_RANGE_LOOP_ANALYSIS = YES;
				CLANG_WARN_STRICT_PROTOTYPES = YES;
				CLANG_WARN_SUSPICIOUS_MOVE = YES;
				CLANG_WARN_UNGUARDED_AVAILABILITY = YES_AGGRESSIVE;
				CLANG_WARN_UNREACHABLE_CODE = YES;
				CLANG_WARN__DUPLICATE_METHOD_MATCH = YES;
				COPY_PHASE_STRIP = NO;
				CURRENT_PROJECT_VERSION = 1;
				DEBUG_INFORMATION_FORMAT = "dwarf-with-dsym";
				ENABLE_NS_ASSERTIONS = NO;
				ENABLE_STRICT_OBJC_MSGSEND = YES;
				ENABLE_USER_SCRIPT_SANDBOXING = YES;
				GCC_C_LANGUAGE_STANDARD = gnu17;
				GCC_NO_COMMON_BLOCKS = YES;
				GCC_WARN_64_TO_32_BIT_CONVERSION = YES;
				GCC_WARN_ABOUT_RETURN_TYPE = YES_ERROR;
				GCC_WARN_UNDECLARED_SELECTOR = YES;
				GCC_WARN_UNINITIALIZED_AUTOS = YES_AGGRESSIVE;
				GCC_WARN_UNUSED_FUNCTION = YES;
				GCC_WARN_UNUSED_VARIABLE = YES;
				LOCALIZATION_PREFERS_STRING_CATALOGS = YES;
				MACOSX_DEPLOYMENT_TARGET = 14.0;
				MTL_ENABLE_DEBUG_INFO = NO;
				MTL_FAST_MATH = YES;
				SDKROOT = macosx;
				SWIFT_COMPILATION_MODE = wholemodule;
				VERSIONING_SYSTEM = "apple-generic";
				VERSION_INFO_PREFIX = "";
			};
			name = Release;
		};
		046F617C2ACF63BA00A9B833 /* Debug */ = {
			isa = XCBuildConfiguration;
			buildSettings = {
				CLANG_ENABLE_MODULES = YES;
				CODE_SIGN_STYLE = Automatic;
				COMBINE_HIDPI_IMAGES = YES;
				CURRENT_PROJECT_VERSION = 1;
				DEFINES_MODULE = YES;
				DEVELOPMENT_TEAM = WQNY636DWS;
				DYLIB_COMPATIBILITY_VERSION = 1;
				DYLIB_CURRENT_VERSION = 1;
				DYLIB_INSTALL_NAME_BASE = "@rpath";
				ENABLE_MODULE_VERIFIER = YES;
				GENERATE_INFOPLIST_FILE = YES;
				INFOPLIST_KEY_NSHumanReadableCopyright = "";
				INSTALL_PATH = "$(LOCAL_LIBRARY_DIR)/Frameworks";
				LD_RUNPATH_SEARCH_PATHS = (
					"$(inherited)",
					"@executable_path/../Frameworks",
					"@loader_path/Frameworks",
				);
				MARKETING_VERSION = 1.0;
				MODULE_VERIFIER_SUPPORTED_LANGUAGES = "objective-c objective-c++";
				MODULE_VERIFIER_SUPPORTED_LANGUAGE_STANDARDS = "gnu17 gnu++20";
				PRODUCT_BUNDLE_IDENTIFIER = com.jastinmartinez.Bin2Dec;
				PRODUCT_NAME = "$(TARGET_NAME:c99extidentifier)";
				SKIP_INSTALL = YES;
				SUPPORTED_PLATFORMS = "iphoneos iphonesimulator macosx";
				SUPPORTS_MACCATALYST = NO;
				SWIFT_EMIT_LOC_STRINGS = YES;
				SWIFT_OPTIMIZATION_LEVEL = "-Onone";
				SWIFT_VERSION = 5.0;
				TARGETED_DEVICE_FAMILY = 1;
			};
			name = Debug;
		};
		046F617D2ACF63BA00A9B833 /* Release */ = {
			isa = XCBuildConfiguration;
			buildSettings = {
				CLANG_ENABLE_MODULES = YES;
				CODE_SIGN_STYLE = Automatic;
				COMBINE_HIDPI_IMAGES = YES;
				CURRENT_PROJECT_VERSION = 1;
				DEFINES_MODULE = YES;
				DEVELOPMENT_TEAM = WQNY636DWS;
				DYLIB_COMPATIBILITY_VERSION = 1;
				DYLIB_CURRENT_VERSION = 1;
				DYLIB_INSTALL_NAME_BASE = "@rpath";
				ENABLE_MODULE_VERIFIER = YES;
				GENERATE_INFOPLIST_FILE = YES;
				INFOPLIST_KEY_NSHumanReadableCopyright = "";
				INSTALL_PATH = "$(LOCAL_LIBRARY_DIR)/Frameworks";
				LD_RUNPATH_SEARCH_PATHS = (
					"$(inherited)",
					"@executable_path/../Frameworks",
					"@loader_path/Frameworks",
				);
				MARKETING_VERSION = 1.0;
				MODULE_VERIFIER_SUPPORTED_LANGUAGES = "objective-c objective-c++";
				MODULE_VERIFIER_SUPPORTED_LANGUAGE_STANDARDS = "gnu17 gnu++20";
				PRODUCT_BUNDLE_IDENTIFIER = com.jastinmartinez.Bin2Dec;
				PRODUCT_NAME = "$(TARGET_NAME:c99extidentifier)";
				SKIP_INSTALL = YES;
				SUPPORTED_PLATFORMS = "iphoneos iphonesimulator macosx";
				SUPPORTS_MACCATALYST = NO;
				SWIFT_EMIT_LOC_STRINGS = YES;
				SWIFT_VERSION = 5.0;
				TARGETED_DEVICE_FAMILY = 1;
			};
			name = Release;
		};
		046F617F2ACF63BA00A9B833 /* Debug */ = {
			isa = XCBuildConfiguration;
			buildSettings = {
				ALWAYS_EMBED_SWIFT_STANDARD_LIBRARIES = YES;
				CODE_SIGN_STYLE = Automatic;
				CURRENT_PROJECT_VERSION = 1;
				DEVELOPMENT_TEAM = WQNY636DWS;
				GENERATE_INFOPLIST_FILE = YES;
				MARKETING_VERSION = 1.0;
				PRODUCT_BUNDLE_IDENTIFIER = com.jastinmartinez.Bin2DecTests;
				PRODUCT_NAME = "$(TARGET_NAME)";
				SWIFT_EMIT_LOC_STRINGS = NO;
				SWIFT_VERSION = 5.0;
			};
			name = Debug;
		};
		046F61802ACF63BA00A9B833 /* Release */ = {
			isa = XCBuildConfiguration;
			buildSettings = {
				ALWAYS_EMBED_SWIFT_STANDARD_LIBRARIES = YES;
				CODE_SIGN_STYLE = Automatic;
				CURRENT_PROJECT_VERSION = 1;
				DEVELOPMENT_TEAM = WQNY636DWS;
				GENERATE_INFOPLIST_FILE = YES;
				MARKETING_VERSION = 1.0;
				PRODUCT_BUNDLE_IDENTIFIER = com.jastinmartinez.Bin2DecTests;
				PRODUCT_NAME = "$(TARGET_NAME)";
				SWIFT_EMIT_LOC_STRINGS = NO;
				SWIFT_VERSION = 5.0;
			};
			name = Release;
		};
		04E543842AD1A7F600812573 /* Debug */ = {
			isa = XCBuildConfiguration;
			buildSettings = {
				ASSETCATALOG_COMPILER_APPICON_NAME = AppIcon;
				ASSETCATALOG_COMPILER_GLOBAL_ACCENT_COLOR_NAME = AccentColor;
				CODE_SIGN_STYLE = Automatic;
				CURRENT_PROJECT_VERSION = 1;
				DEVELOPMENT_ASSET_PATHS = "\"Bin2DecUI/Preview Content\"";
				DEVELOPMENT_TEAM = WQNY636DWS;
				ENABLE_PREVIEWS = YES;
				GENERATE_INFOPLIST_FILE = YES;
				INFOPLIST_KEY_UIApplicationSceneManifest_Generation = YES;
				INFOPLIST_KEY_UIApplicationSupportsIndirectInputEvents = YES;
				INFOPLIST_KEY_UILaunchScreen_Generation = YES;
				INFOPLIST_KEY_UISupportedInterfaceOrientations_iPad = "UIInterfaceOrientationPortrait UIInterfaceOrientationPortraitUpsideDown UIInterfaceOrientationLandscapeLeft UIInterfaceOrientationLandscapeRight";
				INFOPLIST_KEY_UISupportedInterfaceOrientations_iPhone = "UIInterfaceOrientationPortrait UIInterfaceOrientationLandscapeLeft UIInterfaceOrientationLandscapeRight";
				IPHONEOS_DEPLOYMENT_TARGET = 17.0;
				LD_RUNPATH_SEARCH_PATHS = (
					"$(inherited)",
					"@executable_path/Frameworks",
				);
				MARKETING_VERSION = 1.0;
				PRODUCT_BUNDLE_IDENTIFIER = com.jastinmartinez.Bin2DecUI;
				PRODUCT_NAME = "$(TARGET_NAME)";
				SDKROOT = iphoneos;
				SWIFT_EMIT_LOC_STRINGS = YES;
				SWIFT_VERSION = 5.0;
				TARGETED_DEVICE_FAMILY = "1,2";
			};
			name = Debug;
		};
		04E543852AD1A7F600812573 /* Release */ = {
			isa = XCBuildConfiguration;
			buildSettings = {
				ASSETCATALOG_COMPILER_APPICON_NAME = AppIcon;
				ASSETCATALOG_COMPILER_GLOBAL_ACCENT_COLOR_NAME = AccentColor;
				CODE_SIGN_STYLE = Automatic;
				CURRENT_PROJECT_VERSION = 1;
				DEVELOPMENT_ASSET_PATHS = "\"Bin2DecUI/Preview Content\"";
				DEVELOPMENT_TEAM = WQNY636DWS;
				ENABLE_PREVIEWS = YES;
				GENERATE_INFOPLIST_FILE = YES;
				INFOPLIST_KEY_UIApplicationSceneManifest_Generation = YES;
				INFOPLIST_KEY_UIApplicationSupportsIndirectInputEvents = YES;
				INFOPLIST_KEY_UILaunchScreen_Generation = YES;
				INFOPLIST_KEY_UISupportedInterfaceOrientations_iPad = "UIInterfaceOrientationPortrait UIInterfaceOrientationPortraitUpsideDown UIInterfaceOrientationLandscapeLeft UIInterfaceOrientationLandscapeRight";
				INFOPLIST_KEY_UISupportedInterfaceOrientations_iPhone = "UIInterfaceOrientationPortrait UIInterfaceOrientationLandscapeLeft UIInterfaceOrientationLandscapeRight";
				IPHONEOS_DEPLOYMENT_TARGET = 17.0;
				LD_RUNPATH_SEARCH_PATHS = (
					"$(inherited)",
					"@executable_path/Frameworks",
				);
				MARKETING_VERSION = 1.0;
				PRODUCT_BUNDLE_IDENTIFIER = com.jastinmartinez.Bin2DecUI;
				PRODUCT_NAME = "$(TARGET_NAME)";
				SDKROOT = iphoneos;
				SWIFT_EMIT_LOC_STRINGS = YES;
				SWIFT_VERSION = 5.0;
				TARGETED_DEVICE_FAMILY = "1,2";
				VALIDATE_PRODUCT = YES;
			};
			name = Release;
		};
/* End XCBuildConfiguration section */

/* Begin XCConfigurationList section */
		046F61632ACF63B900A9B833 /* Build configuration list for PBXProject "Bin2Dec" */ = {
			isa = XCConfigurationList;
			buildConfigurations = (
				046F61792ACF63BA00A9B833 /* Debug */,
				046F617A2ACF63BA00A9B833 /* Release */,
			);
			defaultConfigurationIsVisible = 0;
			defaultConfigurationName = Release;
		};
		046F617B2ACF63BA00A9B833 /* Build configuration list for PBXNativeTarget "Bin2Dec" */ = {
			isa = XCConfigurationList;
			buildConfigurations = (
				046F617C2ACF63BA00A9B833 /* Debug */,
				046F617D2ACF63BA00A9B833 /* Release */,
			);
			defaultConfigurationIsVisible = 0;
			defaultConfigurationName = Release;
		};
		046F617E2ACF63BA00A9B833 /* Build configuration list for PBXNativeTarget "Bin2DecTests" */ = {
			isa = XCConfigurationList;
			buildConfigurations = (
				046F617F2ACF63BA00A9B833 /* Debug */,
				046F61802ACF63BA00A9B833 /* Release */,
			);
			defaultConfigurationIsVisible = 0;
			defaultConfigurationName = Release;
		};
		04E543862AD1A7F600812573 /* Build configuration list for PBXNativeTarget "Bin2DecUI" */ = {
			isa = XCConfigurationList;
			buildConfigurations = (
				04E543842AD1A7F600812573 /* Debug */,
				04E543852AD1A7F600812573 /* Release */,
			);
			defaultConfigurationIsVisible = 0;
			defaultConfigurationName = Release;
		};
/* End XCConfigurationList section */
	};
	rootObject = 046F61602ACF63B900A9B833 /* Project object */;
}
