// !$*UTF8*$!
{
	archiveVersion = 1;
	classes = {
	};
	objectVersion = 50;
	objects = {

/* Begin PBXBuildFile section */
		F64B5FD125F6F55F00A46612 /* JobCardApp.swift in Sources */ = {isa = PBXBuildFile; fileRef = F64B5FD025F6F55F00A46612 /* JobCardApp.swift */; };
		F64B5FD325F6F55F00A46612 /* ContentView.swift in Sources */ = {isa = PBXBuildFile; fileRef = F64B5FD225F6F55F00A46612 /* ContentView.swift */; };
		F64B5FD525F6F56300A46612 /* Assets.xcassets in Resources */ = {isa = PBXBuildFile; fileRef = F64B5FD425F6F56300A46612 /* Assets.xcassets */; };
		F64B5FD825F6F56300A46612 /* Preview Assets.xcassets in Resources */ = {isa = PBXBuildFile; fileRef = F64B5FD725F6F56300A46612 /* Preview Assets.xcassets */; };
		F659221825F817D7006C662A /* Pacifico-Regular.ttf in Resources */ = {isa = PBXBuildFile; fileRef = F659221725F817D7006C662A /* Pacifico-Regular.ttf */; };
		F659221C25F81C41006C662A /* InfoView.swift in Sources */ = {isa = PBXBuildFile; fileRef = F659221B25F81C41006C662A /* InfoView.swift */; };
/* End PBXBuildFile section */

/* Begin PBXFileReference section */
		F64B5FCD25F6F55F00A46612 /* JobCard.app */ = {isa = PBXFileReference; explicitFileType = wrapper.application; includeInIndex = 0; path = JobCard.app; sourceTree = BUILT_PRODUCTS_DIR; };
		F64B5FD025F6F55F00A46612 /* JobCardApp.swift */ = {isa = PBXFileReference; lastKnownFileType = sourcecode.swift; path = JobCardApp.swift; sourceTree = "<group>"; };
		F64B5FD225F6F55F00A46612 /* ContentView.swift */ = {isa = PBXFileReference; lastKnownFileType = sourcecode.swift; path = ContentView.swift; sourceTree = "<group>"; };
		F64B5FD425F6F56300A46612 /* Assets.xcassets */ = {isa = PBXFileReference; lastKnownFileType = folder.assetcatalog; path = Assets.xcassets; sourceTree = "<group>"; };
		F64B5FD725F6F56300A46612 /* Preview Assets.xcassets */ = {isa = PBXFileReference; lastKnownFileType = folder.assetcatalog; path = "Preview Assets.xcassets"; sourceTree = "<group>"; };
		F64B5FD925F6F56300A46612 /* Info.plist */ = {isa = PBXFileReference; lastKnownFileType = text.plist.xml; path = Info.plist; sourceTree = "<group>"; };
		F659221725F817D7006C662A /* Pacifico-Regular.ttf */ = {isa = PBXFileReference; lastKnownFileType = file; path = "Pacifico-Regular.ttf"; sourceTree = "<group>"; };
		F659221B25F81C41006C662A /* InfoView.swift */ = {isa = PBXFileReference; lastKnownFileType = sourcecode.swift; path = InfoView.swift; sourceTree = "<group>"; };
/* End PBXFileReference section */

/* Begin PBXFrameworksBuildPhase section */
		F64B5FCA25F6F55F00A46612 /* Frameworks */ = {
			isa = PBXFrameworksBuildPhase;
			buildActionMask = 2147483647;
			files = (
			);
			runOnlyForDeploymentPostprocessing = 0;
		};
/* End PBXFrameworksBuildPhase section */

/* Begin PBXGroup section */
		F64B5FC425F6F55F00A46612 = {
			isa = PBXGroup;
			children = (
				F64B5FCF25F6F55F00A46612 /* JobCard */,
				F64B5FCE25F6F55F00A46612 /* Products */,
			);
			sourceTree = "<group>";
		};
		F64B5FCE25F6F55F00A46612 /* Products */ = {
			isa = PBXGroup;
			children = (
				F64B5FCD25F6F55F00A46612 /* JobCard.app */,
			);
			name = Products;
			sourceTree = "<group>";
		};
		F64B5FCF25F6F55F00A46612 /* JobCard */ = {
			isa = PBXGroup;
			children = (
				F659221225F810B6006C662A /* Fonts */,
				F64B5FD025F6F55F00A46612 /* JobCardApp.swift */,
				F64B5FD225F6F55F00A46612 /* ContentView.swift */,
				F64B5FD425F6F56300A46612 /* Assets.xcassets */,
				F64B5FD925F6F56300A46612 /* Info.plist */,
				F64B5FD625F6F56300A46612 /* Preview Content */,
				F659221B25F81C41006C662A /* InfoView.swift */,
			);
			path = JobCard;
			sourceTree = "<group>";
		};
		F64B5FD625F6F56300A46612 /* Preview Content */ = {
			isa = PBXGroup;
			children = (
				F64B5FD725F6F56300A46612 /* Preview Assets.xcassets */,
			);
			path = "Preview Content";
			sourceTree = "<group>";
		};
		F659221225F810B6006C662A /* Fonts */ = {
			isa = PBXGroup;
			children = (
				F659221725F817D7006C662A /* Pacifico-Regular.ttf */,
			);
			path = Fonts;
			sourceTree = "<group>";
		};
/* End PBXGroup section */

/* Begin PBXNativeTarget section */
		F64B5FCC25F6F55F00A46612 /* JobCard */ = {
			isa = PBXNativeTarget;
			buildConfigurationList = F64B5FDC25F6F56300A46612 /* Build configuration list for PBXNativeTarget "JobCard" */;
			buildPhases = (
				F64B5FC925F6F55F00A46612 /* Sources */,
				F64B5FCA25F6F55F00A46612 /* Frameworks */,
				F64B5FCB25F6F55F00A46612 /* Resources */,
			);
			buildRules = (
			);
			dependencies = (
			);
			name = JobCard;
			productName = JobCard;
			productReference = F64B5FCD25F6F55F00A46612 /* JobCard.app */;
			productType = "com.apple.product-type.application";
		};
/* End PBXNativeTarget section */

/* Begin PBXProject section */
		F64B5FC525F6F55F00A46612 /* Project object */ = {
			isa = PBXProject;
			attributes = {
				LastSwiftUpdateCheck = 1240;
				LastUpgradeCheck = 1240;
				TargetAttributes = {
					F64B5FCC25F6F55F00A46612 = {
						CreatedOnToolsVersion = 12.4;
					};
				};
			};
			buildConfigurationList = F64B5FC825F6F55F00A46612 /* Build configuration list for PBXProject "JobCard" */;
			compatibilityVersion = "Xcode 9.3";
			developmentRegion = en;
			hasScannedForEncodings = 0;
			knownRegions = (
				en,
				Base,
			);
			mainGroup = F64B5FC425F6F55F00A46612;
			productRefGroup = F64B5FCE25F6F55F00A46612 /* Products */;
			projectDirPath = "";
			projectRoot = "";
			targets = (
				F64B5FCC25F6F55F00A46612 /* JobCard */,
			);
		};
/* End PBXProject section */

/* Begin PBXResourcesBuildPhase section */
		F64B5FCB25F6F55F00A46612 /* Resources */ = {
			isa = PBXResourcesBuildPhase;
			buildActionMask = 2147483647;
			files = (
				F659221825F817D7006C662A /* Pacifico-Regular.ttf in Resources */,
				F64B5FD825F6F56300A46612 /* Preview Assets.xcassets in Resources */,
				F64B5FD525F6F56300A46612 /* Assets.xcassets in Resources */,
			);
			runOnlyForDeploymentPostprocessing = 0;
		};
/* End PBXResourcesBuildPhase section */

/* Begin PBXSourcesBuildPhase section */
		F64B5FC925F6F55F00A46612 /* Sources */ = {
			isa = PBXSourcesBuildPhase;
			buildActionMask = 2147483647;
			files = (
				F64B5FD325F6F55F00A46612 /* ContentView.swift in Sources */,
				F659221C25F81C41006C662A /* InfoView.swift in Sources */,
				F64B5FD125F6F55F00A46612 /* JobCardApp.swift in Sources */,
			);
			runOnlyForDeploymentPostprocessing = 0;
		};
/* End PBXSourcesBuildPhase section */

/* Begin XCBuildConfiguration section */
		F64B5FDA25F6F56300A46612 /* Debug */ = {
			isa = XCBuildConfiguration;
			buildSettings = {
				ALWAYS_SEARCH_USER_PATHS = NO;
				CLANG_ANALYZER_NONNULL = YES;
				CLANG_ANALYZER_NUMBER_OBJECT_CONVERSION = YES_AGGRESSIVE;
				CLANG_CXX_LANGUAGE_STANDARD = "gnu++14";
				CLANG_CXX_LIBRARY = "libc++";
				CLANG_ENABLE_MODULES = YES;
				CLANG_ENABLE_OBJC_ARC = YES;
				CLANG_ENABLE_OBJC_WEAK = YES;
				CLANG_WARN_BLOCK_CAPTURE_AUTORELEASING = YES;
				CLANG_WARN_BOOL_CONVERSION = YES;
				CLANG_WARN_COMMA = YES;
				CLANG_WARN_CONSTANT_CONVERSION = YES;
				CLANG_WARN_DEPRECATED_OBJC_IMPLEMENTATIONS = YES;
				CLANG_WARN_DIRECT_OBJC_ISA_USAGE = YES_ERROR;
				CLANG_WARN_DOCUMENTATION_COMMENTS = YES;
				CLANG_WARN_EMPTY_BODY = YES;
				CLANG_WARN_ENUM_CONVERSION = YES;
				CLANG_WARN_INFINITE_RECURSION = YES;
				CLANG_WARN_INT_CONVERSION = YES;
				CLANG_WARN_NON_LITERAL_NULL_CONVERSION = YES;
				CLANG_WARN_OBJC_IMPLICIT_RETAIN_SELF = YES;
				CLANG_WARN_OBJC_LITERAL_CONVERSION = YES;
				CLANG_WARN_OBJC_ROOT_CLASS = YES_ERROR;
				CLANG_WARN_QUOTED_INCLUDE_IN_FRAMEWORK_HEADER = YES;
				CLANG_WARN_RANGE_LOOP_ANALYSIS = YES;
				CLANG_WARN_STRICT_PROTOTYPES = YES;
				CLANG_WARN_SUSPICIOUS_MOVE = YES;
				CLANG_WARN_UNGUARDED_AVAILABILITY = YES_AGGRESSIVE;
				CLANG_WARN_UNREACHABLE_CODE = YES;
				CLANG_WARN__DUPLICATE_METHOD_MATCH = YES;
				COPY_PHASE_STRIP = NO;
				DEBUG_INFORMATION_FORMAT = dwarf;
				ENABLE_STRICT_OBJC_MSGSEND = YES;
				ENABLE_TESTABILITY = YES;
				GCC_C_LANGUAGE_STANDARD = gnu11;
				GCC_DYNAMIC_NO_PIC = NO;
				GCC_NO_COMMON_BLOCKS = YES;
				GCC_OPTIMIZATION_LEVEL = 0;
				GCC_PREPROCESSOR_DEFINITIONS = (
					"DEBUG=1",
					"$(inherited)",
				);
				GCC_WARN_64_TO_32_BIT_CONVERSION = YES;
				GCC_WARN_ABOUT_RETURN_TYPE = YES_ERROR;
				GCC_WARN_UNDECLARED_SELECTOR = YES;
				GCC_WARN_UNINITIALIZED_AUTOS = YES_AGGRESSIVE;
				GCC_WARN_UNUSED_FUNCTION = YES;
				GCC_WARN_UNUSED_VARIABLE = YES;
				IPHONEOS_DEPLOYMENT_TARGET = 14.4;
				MTL_ENABLE_DEBUG_INFO = INCLUDE_SOURCE;
				MTL_FAST_MATH = YES;
				ONLY_ACTIVE_ARCH = YES;
				SDKROOT = iphoneos;
				SWIFT_ACTIVE_COMPILATION_CONDITIONS = DEBUG;
				SWIFT_OPTIMIZATION_LEVEL = "-Onone";
			};
			name = Debug;
		};
		F64B5FDB25F6F56300A46612 /* Release */ = {
			isa = XCBuildConfiguration;
			buildSettings = {
				ALWAYS_SEARCH_USER_PATHS = NO;
				CLANG_ANALYZER_NONNULL = YES;
				CLANG_ANALYZER_NUMBER_OBJECT_CONVERSION = YES_AGGRESSIVE;
				CLANG_CXX_LANGUAGE_STANDARD = "gnu++14";
				CLANG_CXX_LIBRARY = "libc++";
				CLANG_ENABLE_MODULES = YES;
				CLANG_ENABLE_OBJC_ARC = YES;
				CLANG_ENABLE_OBJC_WEAK = YES;
				CLANG_WARN_BLOCK_CAPTURE_AUTORELEASING = YES;
				CLANG_WARN_BOOL_CONVERSION = YES;
				CLANG_WARN_COMMA = YES;
				CLANG_WARN_CONSTANT_CONVERSION = YES;
				CLANG_WARN_DEPRECATED_OBJC_IMPLEMENTATIONS = YES;
				CLANG_WARN_DIRECT_OBJC_ISA_USAGE = YES_ERROR;
				CLANG_WARN_DOCUMENTATION_COMMENTS = YES;
				CLANG_WARN_EMPTY_BODY = YES;
				CLANG_WARN_ENUM_CONVERSION = YES;
				CLANG_WARN_INFINITE_RECURSION = YES;
				CLANG_WARN_INT_CONVERSION = YES;
				CLANG_WARN_NON_LITERAL_NULL_CONVERSION = YES;
				CLANG_WARN_OBJC_IMPLICIT_RETAIN_SELF = YES;
				CLANG_WARN_OBJC_LITERAL_CONVERSION = YES;
				CLANG_WARN_OBJC_ROOT_CLASS = YES_ERROR;
				CLANG_WARN_QUOTED_INCLUDE_IN_FRAMEWORK_HEADER = YES;
				CLANG_WARN_RANGE_LOOP_ANALYSIS = YES;
				CLANG_WARN_STRICT_PROTOTYPES = YES;
				CLANG_WARN_SUSPICIOUS_MOVE = YES;
				CLANG_WARN_UNGUARDED_AVAILABILITY = YES_AGGRESSIVE;
				CLANG_WARN_UNREACHABLE_CODE = YES;
				CLANG_WARN__DUPLICATE_METHOD_MATCH = YES;
				COPY_PHASE_STRIP = NO;
				DEBUG_INFORMATION_FORMAT = "dwarf-with-dsym";
				ENABLE_NS_ASSERTIONS = NO;
				ENABLE_STRICT_OBJC_MSGSEND = YES;
				GCC_C_LANGUAGE_STANDARD = gnu11;
				GCC_NO_COMMON_BLOCKS = YES;
				GCC_WARN_64_TO_32_BIT_CONVERSION = YES;
				GCC_WARN_ABOUT_RETURN_TYPE = YES_ERROR;
				GCC_WARN_UNDECLARED_SELECTOR = YES;
				GCC_WARN_UNINITIALIZED_AUTOS = YES_AGGRESSIVE;
				GCC_WARN_UNUSED_FUNCTION = YES;
				GCC_WARN_UNUSED_VARIABLE = YES;
				IPHONEOS_DEPLOYMENT_TARGET = 14.4;
				MTL_ENABLE_DEBUG_INFO = NO;
				MTL_FAST_MATH = YES;
				SDKROOT = iphoneos;
				SWIFT_COMPILATION_MODE = wholemodule;
				SWIFT_OPTIMIZATION_LEVEL = "-O";
				VALIDATE_PRODUCT = YES;
			};
			name = Release;
		};
		F64B5FDD25F6F56300A46612 /* Debug */ = {
			isa = XCBuildConfiguration;
			buildSettings = {
				ASSETCATALOG_COMPILER_APPICON_NAME = AppIcon;
				ASSETCATALOG_COMPILER_GLOBAL_ACCENT_COLOR_NAME = AccentColor;
				CODE_SIGN_STYLE = Automatic;
				DEVELOPMENT_ASSET_PATHS = "\"JobCard/Preview Content\"";
				DEVELOPMENT_TEAM = WQNY636DWS;
				ENABLE_PREVIEWS = YES;
				INFOPLIST_FILE = JobCard/Info.plist;
				IPHONEOS_DEPLOYMENT_TARGET = 14.0;
				LD_RUNPATH_SEARCH_PATHS = (
					"$(inherited)",
					"@executable_path/Frameworks",
				);
				PRODUCT_BUNDLE_IDENTIFIER = com.jastinmartinez.JobCard;
				PRODUCT_NAME = "$(TARGET_NAME)";
				SWIFT_VERSION = 5.0;
				TARGETED_DEVICE_FAMILY = "1,2";
			};
			name = Debug;
		};
		F64B5FDE25F6F56300A46612 /* Release */ = {
			isa = XCBuildConfiguration;
			buildSettings = {
				ASSETCATALOG_COMPILER_APPICON_NAME = AppIcon;
				ASSETCATALOG_COMPILER_GLOBAL_ACCENT_COLOR_NAME = AccentColor;
				CODE_SIGN_STYLE = Automatic;
				DEVELOPMENT_ASSET_PATHS = "\"JobCard/Preview Content\"";
				DEVELOPMENT_TEAM = WQNY636DWS;
				ENABLE_PREVIEWS = YES;
				INFOPLIST_FILE = JobCard/Info.plist;
				IPHONEOS_DEPLOYMENT_TARGET = 14.0;
				LD_RUNPATH_SEARCH_PATHS = (
					"$(inherited)",
					"@executable_path/Frameworks",
				);
				PRODUCT_BUNDLE_IDENTIFIER = com.jastinmartinez.JobCard;
				PRODUCT_NAME = "$(TARGET_NAME)";
				SWIFT_VERSION = 5.0;
				TARGETED_DEVICE_FAMILY = "1,2";
			};
			name = Release;
		};
/* End XCBuildConfiguration section */

/* Begin XCConfigurationList section */
		F64B5FC825F6F55F00A46612 /* Build configuration list for PBXProject "JobCard" */ = {
			isa = XCConfigurationList;
			buildConfigurations = (
				F64B5FDA25F6F56300A46612 /* Debug */,
				F64B5FDB25F6F56300A46612 /* Release */,
			);
			defaultConfigurationIsVisible = 0;
			defaultConfigurationName = Release;
		};
		F64B5FDC25F6F56300A46612 /* Build configuration list for PBXNativeTarget "JobCard" */ = {
			isa = XCConfigurationList;
			buildConfigurations = (
				F64B5FDD25F6F56300A46612 /* Debug */,
				F64B5FDE25F6F56300A46612 /* Release */,
			);
			defaultConfigurationIsVisible = 0;
			defaultConfigurationName = Release;
		};
/* End XCConfigurationList section */
	};
	rootObject = F64B5FC525F6F55F00A46612 /* Project object */;
}
