// !$*UTF8*$!
{
	archiveVersion = 1;
	classes = {
	};
	objectVersion = 50;
	objects = {

/* Begin PBXBuildFile section */
		04128AFD2640CA7A003DC181 /* StartButtonView.swift in Sources */ = {isa = PBXBuildFile; fileRef = 04128AFC2640CA7A003DC181 /* StartButtonView.swift */; };
		04128AFF2640CD60003DC181 /* OnBoardingView.swift in Sources */ = {isa = PBXBuildFile; fileRef = 04128AFE2640CD60003DC181 /* OnBoardingView.swift */; };
		04128B022640D1C7003DC181 /* Fruit.swift in Sources */ = {isa = PBXBuildFile; fileRef = 04128B012640D1C7003DC181 /* Fruit.swift */; };
		04128B052640D2A4003DC181 /* FruitData.swift in Sources */ = {isa = PBXBuildFile; fileRef = 04128B042640D2A4003DC181 /* FruitData.swift */; };
		044E5BDF263EDE5C002DCAF7 /* FruitsApp.swift in Sources */ = {isa = PBXBuildFile; fileRef = 044E5BDE263EDE5C002DCAF7 /* FruitsApp.swift */; };
		044E5BE1263EDE5C002DCAF7 /* ContentView.swift in Sources */ = {isa = PBXBuildFile; fileRef = 044E5BE0263EDE5C002DCAF7 /* ContentView.swift */; };
		044E5BE3263EDE5D002DCAF7 /* Assets.xcassets in Resources */ = {isa = PBXBuildFile; fileRef = 044E5BE2263EDE5D002DCAF7 /* Assets.xcassets */; };
		044E5BE6263EDE5D002DCAF7 /* Preview Assets.xcassets in Resources */ = {isa = PBXBuildFile; fileRef = 044E5BE5263EDE5D002DCAF7 /* Preview Assets.xcassets */; };
		044E5BF0263EE0E2002DCAF7 /* FruitCardView.swift in Sources */ = {isa = PBXBuildFile; fileRef = 044E5BEF263EE0E2002DCAF7 /* FruitCardView.swift */; };
		048184ED2644B5F5001AC28D /* FruitRowView.swift in Sources */ = {isa = PBXBuildFile; fileRef = 048184EC2644B5F5001AC28D /* FruitRowView.swift */; };
		048184EF2644BA84001AC28D /* FruitDetailView.swift in Sources */ = {isa = PBXBuildFile; fileRef = 048184EE2644BA84001AC28D /* FruitDetailView.swift */; };
		048184F12644D1B3001AC28D /* FruitHeaderView.swift in Sources */ = {isa = PBXBuildFile; fileRef = 048184F02644D1B3001AC28D /* FruitHeaderView.swift */; };
		048184F32645B976001AC28D /* SourceLinkView.swift in Sources */ = {isa = PBXBuildFile; fileRef = 048184F22645B976001AC28D /* SourceLinkView.swift */; };
		048184F52645BB8B001AC28D /* FruitNutrientsView.swift in Sources */ = {isa = PBXBuildFile; fileRef = 048184F42645BB8B001AC28D /* FruitNutrientsView.swift */; };
		048184F72645CA0B001AC28D /* SettingsView.swift in Sources */ = {isa = PBXBuildFile; fileRef = 048184F62645CA0B001AC28D /* SettingsView.swift */; };
		048184F92645DBE4001AC28D /* SettingsLabelView.swift in Sources */ = {isa = PBXBuildFile; fileRef = 048184F82645DBE4001AC28D /* SettingsLabelView.swift */; };
		048184FC2645DFBB001AC28D /* SettingsInfoView.swift in Sources */ = {isa = PBXBuildFile; fileRef = 048184FB2645DFBB001AC28D /* SettingsInfoView.swift */; };
/* End PBXBuildFile section */

/* Begin PBXFileReference section */
		04128AFC2640CA7A003DC181 /* StartButtonView.swift */ = {isa = PBXFileReference; lastKnownFileType = sourcecode.swift; path = StartButtonView.swift; sourceTree = "<group>"; };
		04128AFE2640CD60003DC181 /* OnBoardingView.swift */ = {isa = PBXFileReference; lastKnownFileType = sourcecode.swift; path = OnBoardingView.swift; sourceTree = "<group>"; };
		04128B012640D1C7003DC181 /* Fruit.swift */ = {isa = PBXFileReference; lastKnownFileType = sourcecode.swift; path = Fruit.swift; sourceTree = "<group>"; };
		04128B042640D2A4003DC181 /* FruitData.swift */ = {isa = PBXFileReference; lastKnownFileType = sourcecode.swift; path = FruitData.swift; sourceTree = "<group>"; };
		044E5BDB263EDE5C002DCAF7 /* FruitsApp.app */ = {isa = PBXFileReference; explicitFileType = wrapper.application; includeInIndex = 0; path = FruitsApp.app; sourceTree = BUILT_PRODUCTS_DIR; };
		044E5BDE263EDE5C002DCAF7 /* FruitsApp.swift */ = {isa = PBXFileReference; lastKnownFileType = sourcecode.swift; path = FruitsApp.swift; sourceTree = "<group>"; };
		044E5BE0263EDE5C002DCAF7 /* ContentView.swift */ = {isa = PBXFileReference; lastKnownFileType = sourcecode.swift; path = ContentView.swift; sourceTree = "<group>"; };
		044E5BE2263EDE5D002DCAF7 /* Assets.xcassets */ = {isa = PBXFileReference; lastKnownFileType = folder.assetcatalog; path = Assets.xcassets; sourceTree = "<group>"; };
		044E5BE5263EDE5D002DCAF7 /* Preview Assets.xcassets */ = {isa = PBXFileReference; lastKnownFileType = folder.assetcatalog; path = "Preview Assets.xcassets"; sourceTree = "<group>"; };
		044E5BE7263EDE5D002DCAF7 /* Info.plist */ = {isa = PBXFileReference; lastKnownFileType = text.plist.xml; path = Info.plist; sourceTree = "<group>"; };
		044E5BEF263EE0E2002DCAF7 /* FruitCardView.swift */ = {isa = PBXFileReference; lastKnownFileType = sourcecode.swift; path = FruitCardView.swift; sourceTree = "<group>"; };
		048184EC2644B5F5001AC28D /* FruitRowView.swift */ = {isa = PBXFileReference; lastKnownFileType = sourcecode.swift; path = FruitRowView.swift; sourceTree = "<group>"; };
		048184EE2644BA84001AC28D /* FruitDetailView.swift */ = {isa = PBXFileReference; lastKnownFileType = sourcecode.swift; path = FruitDetailView.swift; sourceTree = "<group>"; };
		048184F02644D1B3001AC28D /* FruitHeaderView.swift */ = {isa = PBXFileReference; lastKnownFileType = sourcecode.swift; path = FruitHeaderView.swift; sourceTree = "<group>"; };
		048184F22645B976001AC28D /* SourceLinkView.swift */ = {isa = PBXFileReference; lastKnownFileType = sourcecode.swift; path = SourceLinkView.swift; sourceTree = "<group>"; };
		048184F42645BB8B001AC28D /* FruitNutrientsView.swift */ = {isa = PBXFileReference; lastKnownFileType = sourcecode.swift; path = FruitNutrientsView.swift; sourceTree = "<group>"; };
		048184F62645CA0B001AC28D /* SettingsView.swift */ = {isa = PBXFileReference; lastKnownFileType = sourcecode.swift; path = SettingsView.swift; sourceTree = "<group>"; };
		048184F82645DBE4001AC28D /* SettingsLabelView.swift */ = {isa = PBXFileReference; lastKnownFileType = sourcecode.swift; path = SettingsLabelView.swift; sourceTree = "<group>"; };
		048184FB2645DFBB001AC28D /* SettingsInfoView.swift */ = {isa = PBXFileReference; lastKnownFileType = sourcecode.swift; path = SettingsInfoView.swift; sourceTree = "<group>"; };
/* End PBXFileReference section */

/* Begin PBXFrameworksBuildPhase section */
		044E5BD8263EDE5C002DCAF7 /* Frameworks */ = {
			isa = PBXFrameworksBuildPhase;
			buildActionMask = 2147483647;
			files = (
			);
			runOnlyForDeploymentPostprocessing = 0;
		};
/* End PBXFrameworksBuildPhase section */

/* Begin PBXGroup section */
		04128B002640D1B9003DC181 /* Model */ = {
			isa = PBXGroup;
			children = (
				04128B012640D1C7003DC181 /* Fruit.swift */,
			);
			path = Model;
			sourceTree = "<group>";
		};
		04128B032640D293003DC181 /* Data */ = {
			isa = PBXGroup;
			children = (
				04128B042640D2A4003DC181 /* FruitData.swift */,
			);
			path = Data;
			sourceTree = "<group>";
		};
		044E5BD2263EDE5C002DCAF7 = {
			isa = PBXGroup;
			children = (
				044E5BDD263EDE5C002DCAF7 /* FruitsApp */,
				044E5BDC263EDE5C002DCAF7 /* Products */,
			);
			sourceTree = "<group>";
		};
		044E5BDC263EDE5C002DCAF7 /* Products */ = {
			isa = PBXGroup;
			children = (
				044E5BDB263EDE5C002DCAF7 /* FruitsApp.app */,
			);
			name = Products;
			sourceTree = "<group>";
		};
		044E5BDD263EDE5C002DCAF7 /* FruitsApp */ = {
			isa = PBXGroup;
			children = (
				04128B032640D293003DC181 /* Data */,
				04128B002640D1B9003DC181 /* Model */,
				044E5BEE263EE0AF002DCAF7 /* Views */,
				044E5BED263EE089002DCAF7 /* App */,
				044E5BE2263EDE5D002DCAF7 /* Assets.xcassets */,
				044E5BE7263EDE5D002DCAF7 /* Info.plist */,
				044E5BE4263EDE5D002DCAF7 /* Preview Content */,
			);
			path = FruitsApp;
			sourceTree = "<group>";
		};
		044E5BE4263EDE5D002DCAF7 /* Preview Content */ = {
			isa = PBXGroup;
			children = (
				044E5BE5263EDE5D002DCAF7 /* Preview Assets.xcassets */,
			);
			path = "Preview Content";
			sourceTree = "<group>";
		};
		044E5BED263EE089002DCAF7 /* App */ = {
			isa = PBXGroup;
			children = (
				044E5BDE263EDE5C002DCAF7 /* FruitsApp.swift */,
				044E5BE0263EDE5C002DCAF7 /* ContentView.swift */,
				04128AFE2640CD60003DC181 /* OnBoardingView.swift */,
				048184F62645CA0B001AC28D /* SettingsView.swift */,
			);
			path = App;
			sourceTree = "<group>";
		};
		044E5BEE263EE0AF002DCAF7 /* Views */ = {
			isa = PBXGroup;
			children = (
				044E5BEF263EE0E2002DCAF7 /* FruitCardView.swift */,
				04128AFC2640CA7A003DC181 /* StartButtonView.swift */,
				048184EC2644B5F5001AC28D /* FruitRowView.swift */,
				048184EE2644BA84001AC28D /* FruitDetailView.swift */,
				048184F02644D1B3001AC28D /* FruitHeaderView.swift */,
				048184F22645B976001AC28D /* SourceLinkView.swift */,
				048184F42645BB8B001AC28D /* FruitNutrientsView.swift */,
				048184F82645DBE4001AC28D /* SettingsLabelView.swift */,
				048184FB2645DFBB001AC28D /* SettingsInfoView.swift */,
			);
			path = Views;
			sourceTree = "<group>";
		};
/* End PBXGroup section */

/* Begin PBXNativeTarget section */
		044E5BDA263EDE5C002DCAF7 /* FruitsApp */ = {
			isa = PBXNativeTarget;
			buildConfigurationList = 044E5BEA263EDE5D002DCAF7 /* Build configuration list for PBXNativeTarget "FruitsApp" */;
			buildPhases = (
				044E5BD7263EDE5C002DCAF7 /* Sources */,
				044E5BD8263EDE5C002DCAF7 /* Frameworks */,
				044E5BD9263EDE5C002DCAF7 /* Resources */,
			);
			buildRules = (
			);
			dependencies = (
			);
			name = FruitsApp;
			productName = FruitsApp;
			productReference = 044E5BDB263EDE5C002DCAF7 /* FruitsApp.app */;
			productType = "com.apple.product-type.application";
		};
/* End PBXNativeTarget section */

/* Begin PBXProject section */
		044E5BD3263EDE5C002DCAF7 /* Project object */ = {
			isa = PBXProject;
			attributes = {
				LastSwiftUpdateCheck = 1250;
				LastUpgradeCheck = 1250;
				TargetAttributes = {
					044E5BDA263EDE5C002DCAF7 = {
						CreatedOnToolsVersion = 12.5;
					};
				};
			};
			buildConfigurationList = 044E5BD6263EDE5C002DCAF7 /* Build configuration list for PBXProject "FruitsApp" */;
			compatibilityVersion = "Xcode 9.3";
			developmentRegion = en;
			hasScannedForEncodings = 0;
			knownRegions = (
				en,
				Base,
			);
			mainGroup = 044E5BD2263EDE5C002DCAF7;
			productRefGroup = 044E5BDC263EDE5C002DCAF7 /* Products */;
			projectDirPath = "";
			projectRoot = "";
			targets = (
				044E5BDA263EDE5C002DCAF7 /* FruitsApp */,
			);
		};
/* End PBXProject section */

/* Begin PBXResourcesBuildPhase section */
		044E5BD9263EDE5C002DCAF7 /* Resources */ = {
			isa = PBXResourcesBuildPhase;
			buildActionMask = 2147483647;
			files = (
				044E5BE6263EDE5D002DCAF7 /* Preview Assets.xcassets in Resources */,
				044E5BE3263EDE5D002DCAF7 /* Assets.xcassets in Resources */,
			);
			runOnlyForDeploymentPostprocessing = 0;
		};
/* End PBXResourcesBuildPhase section */

/* Begin PBXSourcesBuildPhase section */
		044E5BD7263EDE5C002DCAF7 /* Sources */ = {
			isa = PBXSourcesBuildPhase;
			buildActionMask = 2147483647;
			files = (
				04128B052640D2A4003DC181 /* FruitData.swift in Sources */,
				048184F32645B976001AC28D /* SourceLinkView.swift in Sources */,
				04128B022640D1C7003DC181 /* Fruit.swift in Sources */,
				048184ED2644B5F5001AC28D /* FruitRowView.swift in Sources */,
				048184F52645BB8B001AC28D /* FruitNutrientsView.swift in Sources */,
				044E5BF0263EE0E2002DCAF7 /* FruitCardView.swift in Sources */,
				048184EF2644BA84001AC28D /* FruitDetailView.swift in Sources */,
				048184FC2645DFBB001AC28D /* SettingsInfoView.swift in Sources */,
				04128AFD2640CA7A003DC181 /* StartButtonView.swift in Sources */,
				048184F12644D1B3001AC28D /* FruitHeaderView.swift in Sources */,
				044E5BE1263EDE5C002DCAF7 /* ContentView.swift in Sources */,
				048184F92645DBE4001AC28D /* SettingsLabelView.swift in Sources */,
				04128AFF2640CD60003DC181 /* OnBoardingView.swift in Sources */,
				044E5BDF263EDE5C002DCAF7 /* FruitsApp.swift in Sources */,
				048184F72645CA0B001AC28D /* SettingsView.swift in Sources */,
			);
			runOnlyForDeploymentPostprocessing = 0;
		};
/* End PBXSourcesBuildPhase section */

/* Begin XCBuildConfiguration section */
		044E5BE8263EDE5D002DCAF7 /* Debug */ = {
			isa = XCBuildConfiguration;
			buildSettings = {
				ALWAYS_SEARCH_USER_PATHS = NO;
				CLANG_ANALYZER_NONNULL = YES;
				CLANG_ANALYZER_NUMBER_OBJECT_CONVERSION = YES_AGGRESSIVE;
				CLANG_CXX_LANGUAGE_STANDARD = "gnu++14";
				CLANG_CXX_LIBRARY = "libc++";
				CLANG_ENABLE_MODULES = YES;
				CLANG_ENABLE_OBJC_ARC = YES;
				CLANG_ENABLE_OBJC_WEAK = YES;
				CLANG_WARN_BLOCK_CAPTURE_AUTORELEASING = YES;
				CLANG_WARN_BOOL_CONVERSION = YES;
				CLANG_WARN_COMMA = YES;
				CLANG_WARN_CONSTANT_CONVERSION = YES;
				CLANG_WARN_DEPRECATED_OBJC_IMPLEMENTATIONS = YES;
				CLANG_WARN_DIRECT_OBJC_ISA_USAGE = YES_ERROR;
				CLANG_WARN_DOCUMENTATION_COMMENTS = YES;
				CLANG_WARN_EMPTY_BODY = YES;
				CLANG_WARN_ENUM_CONVERSION = YES;
				CLANG_WARN_INFINITE_RECURSION = YES;
				CLANG_WARN_INT_CONVERSION = YES;
				CLANG_WARN_NON_LITERAL_NULL_CONVERSION = YES;
				CLANG_WARN_OBJC_IMPLICIT_RETAIN_SELF = YES;
				CLANG_WARN_OBJC_LITERAL_CONVERSION = YES;
				CLANG_WARN_OBJC_ROOT_CLASS = YES_ERROR;
				CLANG_WARN_QUOTED_INCLUDE_IN_FRAMEWORK_HEADER = YES;
				CLANG_WARN_RANGE_LOOP_ANALYSIS = YES;
				CLANG_WARN_STRICT_PROTOTYPES = YES;
				CLANG_WARN_SUSPICIOUS_MOVE = YES;
				CLANG_WARN_UNGUARDED_AVAILABILITY = YES_AGGRESSIVE;
				CLANG_WARN_UNREACHABLE_CODE = YES;
				CLANG_WARN__DUPLICATE_METHOD_MATCH = YES;
				COPY_PHASE_STRIP = NO;
				DEBUG_INFORMATION_FORMAT = dwarf;
				ENABLE_STRICT_OBJC_MSGSEND = YES;
				ENABLE_TESTABILITY = YES;
				GCC_C_LANGUAGE_STANDARD = gnu11;
				GCC_DYNAMIC_NO_PIC = NO;
				GCC_NO_COMMON_BLOCKS = YES;
				GCC_OPTIMIZATION_LEVEL = 0;
				GCC_PREPROCESSOR_DEFINITIONS = (
					"DEBUG=1",
					"$(inherited)",
				);
				GCC_WARN_64_TO_32_BIT_CONVERSION = YES;
				GCC_WARN_ABOUT_RETURN_TYPE = YES_ERROR;
				GCC_WARN_UNDECLARED_SELECTOR = YES;
				GCC_WARN_UNINITIALIZED_AUTOS = YES_AGGRESSIVE;
				GCC_WARN_UNUSED_FUNCTION = YES;
				GCC_WARN_UNUSED_VARIABLE = YES;
				IPHONEOS_DEPLOYMENT_TARGET = 14.5;
				MTL_ENABLE_DEBUG_INFO = INCLUDE_SOURCE;
				MTL_FAST_MATH = YES;
				ONLY_ACTIVE_ARCH = YES;
				SDKROOT = iphoneos;
				SWIFT_ACTIVE_COMPILATION_CONDITIONS = DEBUG;
				SWIFT_OPTIMIZATION_LEVEL = "-Onone";
			};
			name = Debug;
		};
		044E5BE9263EDE5D002DCAF7 /* Release */ = {
			isa = XCBuildConfiguration;
			buildSettings = {
				ALWAYS_SEARCH_USER_PATHS = NO;
				CLANG_ANALYZER_NONNULL = YES;
				CLANG_ANALYZER_NUMBER_OBJECT_CONVERSION = YES_AGGRESSIVE;
				CLANG_CXX_LANGUAGE_STANDARD = "gnu++14";
				CLANG_CXX_LIBRARY = "libc++";
				CLANG_ENABLE_MODULES = YES;
				CLANG_ENABLE_OBJC_ARC = YES;
				CLANG_ENABLE_OBJC_WEAK = YES;
				CLANG_WARN_BLOCK_CAPTURE_AUTORELEASING = YES;
				CLANG_WARN_BOOL_CONVERSION = YES;
				CLANG_WARN_COMMA = YES;
				CLANG_WARN_CONSTANT_CONVERSION = YES;
				CLANG_WARN_DEPRECATED_OBJC_IMPLEMENTATIONS = YES;
				CLANG_WARN_DIRECT_OBJC_ISA_USAGE = YES_ERROR;
				CLANG_WARN_DOCUMENTATION_COMMENTS = YES;
				CLANG_WARN_EMPTY_BODY = YES;
				CLANG_WARN_ENUM_CONVERSION = YES;
				CLANG_WARN_INFINITE_RECURSION = YES;
				CLANG_WARN_INT_CONVERSION = YES;
				CLANG_WARN_NON_LITERAL_NULL_CONVERSION = YES;
				CLANG_WARN_OBJC_IMPLICIT_RETAIN_SELF = YES;
				CLANG_WARN_OBJC_LITERAL_CONVERSION = YES;
				CLANG_WARN_OBJC_ROOT_CLASS = YES_ERROR;
				CLANG_WARN_QUOTED_INCLUDE_IN_FRAMEWORK_HEADER = YES;
				CLANG_WARN_RANGE_LOOP_ANALYSIS = YES;
				CLANG_WARN_STRICT_PROTOTYPES = YES;
				CLANG_WARN_SUSPICIOUS_MOVE = YES;
				CLANG_WARN_UNGUARDED_AVAILABILITY = YES_AGGRESSIVE;
				CLANG_WARN_UNREACHABLE_CODE = YES;
				CLANG_WARN__DUPLICATE_METHOD_MATCH = YES;
				COPY_PHASE_STRIP = NO;
				DEBUG_INFORMATION_FORMAT = "dwarf-with-dsym";
				ENABLE_NS_ASSERTIONS = NO;
				ENABLE_STRICT_OBJC_MSGSEND = YES;
				GCC_C_LANGUAGE_STANDARD = gnu11;
				GCC_NO_COMMON_BLOCKS = YES;
				GCC_WARN_64_TO_32_BIT_CONVERSION = YES;
				GCC_WARN_ABOUT_RETURN_TYPE = YES_ERROR;
				GCC_WARN_UNDECLARED_SELECTOR = YES;
				GCC_WARN_UNINITIALIZED_AUTOS = YES_AGGRESSIVE;
				GCC_WARN_UNUSED_FUNCTION = YES;
				GCC_WARN_UNUSED_VARIABLE = YES;
				IPHONEOS_DEPLOYMENT_TARGET = 14.5;
				MTL_ENABLE_DEBUG_INFO = NO;
				MTL_FAST_MATH = YES;
				SDKROOT = iphoneos;
				SWIFT_COMPILATION_MODE = wholemodule;
				SWIFT_OPTIMIZATION_LEVEL = "-O";
				VALIDATE_PRODUCT = YES;
			};
			name = Release;
		};
		044E5BEB263EDE5D002DCAF7 /* Debug */ = {
			isa = XCBuildConfiguration;
			buildSettings = {
				ASSETCATALOG_COMPILER_APPICON_NAME = AppIcon;
				ASSETCATALOG_COMPILER_GLOBAL_ACCENT_COLOR_NAME = AccentColor;
				CODE_SIGN_STYLE = Automatic;
				DEVELOPMENT_ASSET_PATHS = "\"FruitsApp/Preview Content\"";
				DEVELOPMENT_TEAM = WQNY636DWS;
				ENABLE_PREVIEWS = YES;
				INFOPLIST_FILE = FruitsApp/Info.plist;
				IPHONEOS_DEPLOYMENT_TARGET = 14.0;
				LD_RUNPATH_SEARCH_PATHS = (
					"$(inherited)",
					"@executable_path/Frameworks",
				);
				PRODUCT_BUNDLE_IDENTIFIER = com.jastinmattinez.FruitsApp;
				PRODUCT_NAME = "$(TARGET_NAME)";
				SWIFT_VERSION = 5.0;
				TARGETED_DEVICE_FAMILY = "1,2";
			};
			name = Debug;
		};
		044E5BEC263EDE5D002DCAF7 /* Release */ = {
			isa = XCBuildConfiguration;
			buildSettings = {
				ASSETCATALOG_COMPILER_APPICON_NAME = AppIcon;
				ASSETCATALOG_COMPILER_GLOBAL_ACCENT_COLOR_NAME = AccentColor;
				CODE_SIGN_STYLE = Automatic;
				DEVELOPMENT_ASSET_PATHS = "\"FruitsApp/Preview Content\"";
				DEVELOPMENT_TEAM = WQNY636DWS;
				ENABLE_PREVIEWS = YES;
				INFOPLIST_FILE = FruitsApp/Info.plist;
				IPHONEOS_DEPLOYMENT_TARGET = 14.0;
				LD_RUNPATH_SEARCH_PATHS = (
					"$(inherited)",
					"@executable_path/Frameworks",
				);
				PRODUCT_BUNDLE_IDENTIFIER = com.jastinmattinez.FruitsApp;
				PRODUCT_NAME = "$(TARGET_NAME)";
				SWIFT_VERSION = 5.0;
				TARGETED_DEVICE_FAMILY = "1,2";
			};
			name = Release;
		};
/* End XCBuildConfiguration section */

/* Begin XCConfigurationList section */
		044E5BD6263EDE5C002DCAF7 /* Build configuration list for PBXProject "FruitsApp" */ = {
			isa = XCConfigurationList;
			buildConfigurations = (
				044E5BE8263EDE5D002DCAF7 /* Debug */,
				044E5BE9263EDE5D002DCAF7 /* Release */,
			);
			defaultConfigurationIsVisible = 0;
			defaultConfigurationName = Release;
		};
		044E5BEA263EDE5D002DCAF7 /* Build configuration list for PBXNativeTarget "FruitsApp" */ = {
			isa = XCConfigurationList;
			buildConfigurations = (
				044E5BEB263EDE5D002DCAF7 /* Debug */,
				044E5BEC263EDE5D002DCAF7 /* Release */,
			);
			defaultConfigurationIsVisible = 0;
			defaultConfigurationName = Release;
		};
/* End XCConfigurationList section */
	};
	rootObject = 044E5BD3263EDE5C002DCAF7 /* Project object */;
}
